// !$*UTF8*$!
{
	archiveVersion = 1;
	classes = {
	};
	objectVersion = 56;
	objects = {

/* Begin PBXBuildFile section */
		1A1836B529B1A37D007BD648 /* HttpClient.swift in Sources */ = {isa = PBXBuildFile; fileRef = 1A1836B429B1A37D007BD648 /* HttpClient.swift */; };
		1A1836B829B1A472007BD648 /* Data+Extension.swift in Sources */ = {isa = PBXBuildFile; fileRef = 1A1836B729B1A472007BD648 /* Data+Extension.swift */; };
		1A1836C029B1A791007BD648 /* LoginPresenter.swift in Sources */ = {isa = PBXBuildFile; fileRef = 1A1836BA29B1A791007BD648 /* LoginPresenter.swift */; };
		1A1836C129B1A791007BD648 /* LoginWorker.swift in Sources */ = {isa = PBXBuildFile; fileRef = 1A1836BB29B1A791007BD648 /* LoginWorker.swift */; };
		1A1836C229B1A791007BD648 /* LoginRouter.swift in Sources */ = {isa = PBXBuildFile; fileRef = 1A1836BC29B1A791007BD648 /* LoginRouter.swift */; };
		1A1836C329B1A791007BD648 /* LoginModels.swift in Sources */ = {isa = PBXBuildFile; fileRef = 1A1836BD29B1A791007BD648 /* LoginModels.swift */; };
		1A1836C429B1A791007BD648 /* LoginViewController.swift in Sources */ = {isa = PBXBuildFile; fileRef = 1A1836BE29B1A791007BD648 /* LoginViewController.swift */; };
		1A1836C529B1A791007BD648 /* LoginInteractor.swift in Sources */ = {isa = PBXBuildFile; fileRef = 1A1836BF29B1A791007BD648 /* LoginInteractor.swift */; };
		1A1836C829B1B7C0007BD648 /* IQKeyboardManagerSwift in Frameworks */ = {isa = PBXBuildFile; productRef = 1A1836C729B1B7C0007BD648 /* IQKeyboardManagerSwift */; };
		1A1836D029B1CCEB007BD648 /* MainPresenter.swift in Sources */ = {isa = PBXBuildFile; fileRef = 1A1836CA29B1CCEB007BD648 /* MainPresenter.swift */; };
		1A1836D129B1CCEB007BD648 /* MainWorker.swift in Sources */ = {isa = PBXBuildFile; fileRef = 1A1836CB29B1CCEB007BD648 /* MainWorker.swift */; };
		1A1836D229B1CCEB007BD648 /* MainRouter.swift in Sources */ = {isa = PBXBuildFile; fileRef = 1A1836CC29B1CCEB007BD648 /* MainRouter.swift */; };
		1A1836D329B1CCEB007BD648 /* MainModels.swift in Sources */ = {isa = PBXBuildFile; fileRef = 1A1836CD29B1CCEB007BD648 /* MainModels.swift */; };
		1A1836D429B1CCEB007BD648 /* MainViewController.swift in Sources */ = {isa = PBXBuildFile; fileRef = 1A1836CE29B1CCEB007BD648 /* MainViewController.swift */; };
		1A1836D529B1CCEB007BD648 /* MainInteractor.swift in Sources */ = {isa = PBXBuildFile; fileRef = 1A1836CF29B1CCEB007BD648 /* MainInteractor.swift */; };
		6C1FA6FA29B0BD27009B984E /* GoogleService-Info.plist in Resources */ = {isa = PBXBuildFile; fileRef = 6C1FA6F929B0BD27009B984E /* GoogleService-Info.plist */; };
		6C2D091D29B0BED400B79B44 /* FirebaseAnalyticsSwift in Frameworks */ = {isa = PBXBuildFile; productRef = 6C2D091C29B0BED400B79B44 /* FirebaseAnalyticsSwift */; };
		6C2D091F29B0BED400B79B44 /* FirebaseAnalyticsWithoutAdIdSupport in Frameworks */ = {isa = PBXBuildFile; productRef = 6C2D091E29B0BED400B79B44 /* FirebaseAnalyticsWithoutAdIdSupport */; };
		6C2D092129B0BED400B79B44 /* FirebaseAuth in Frameworks */ = {isa = PBXBuildFile; productRef = 6C2D092029B0BED400B79B44 /* FirebaseAuth */; };
		6C2D092329B0BED400B79B44 /* FirebaseFirestoreSwift in Frameworks */ = {isa = PBXBuildFile; productRef = 6C2D092229B0BED400B79B44 /* FirebaseFirestoreSwift */; };
		6C2D092629B0C95F00B79B44 /* Alamofire in Frameworks */ = {isa = PBXBuildFile; productRef = 6C2D092529B0C95F00B79B44 /* Alamofire */; };
		6C2D092929B0C9A000B79B44 /* Kingfisher in Frameworks */ = {isa = PBXBuildFile; productRef = 6C2D092829B0C9A000B79B44 /* Kingfisher */; };
		6C2D092C29B0CA7100B79B44 /* JGProgressHUD in Frameworks */ = {isa = PBXBuildFile; productRef = 6C2D092B29B0CA7100B79B44 /* JGProgressHUD */; };
		6C2D092E29B0CDE300B79B44 /* ProgressHUDManager.swift in Sources */ = {isa = PBXBuildFile; fileRef = 6C2D092D29B0CDE300B79B44 /* ProgressHUDManager.swift */; };
		6C55A4DB29B0B476001E3C0D /* AppDelegate.swift in Sources */ = {isa = PBXBuildFile; fileRef = 6C55A4DA29B0B476001E3C0D /* AppDelegate.swift */; };
		6C55A4DD29B0B476001E3C0D /* SceneDelegate.swift in Sources */ = {isa = PBXBuildFile; fileRef = 6C55A4DC29B0B476001E3C0D /* SceneDelegate.swift */; };
		6C55A4E229B0B476001E3C0D /* Main.storyboard in Resources */ = {isa = PBXBuildFile; fileRef = 6C55A4E029B0B476001E3C0D /* Main.storyboard */; };
		6C55A4E429B0B478001E3C0D /* Assets.xcassets in Resources */ = {isa = PBXBuildFile; fileRef = 6C55A4E329B0B478001E3C0D /* Assets.xcassets */; };
		6C55A4E729B0B478001E3C0D /* LaunchScreen.storyboard in Resources */ = {isa = PBXBuildFile; fileRef = 6C55A4E529B0B478001E3C0D /* LaunchScreen.storyboard */; };
		6C55A4F229B0B478001E3C0D /* AnimeTests.swift in Sources */ = {isa = PBXBuildFile; fileRef = 6C55A4F129B0B478001E3C0D /* AnimeTests.swift */; };
		6C55A4FC29B0B478001E3C0D /* AnimeUITests.swift in Sources */ = {isa = PBXBuildFile; fileRef = 6C55A4FB29B0B478001E3C0D /* AnimeUITests.swift */; };
		6C55A4FE29B0B478001E3C0D /* AnimeUITestsLaunchTests.swift in Sources */ = {isa = PBXBuildFile; fileRef = 6C55A4FD29B0B478001E3C0D /* AnimeUITestsLaunchTests.swift */; };
		6CCB1CDA29B29B9B005F9535 /* RegisterPresenter.swift in Sources */ = {isa = PBXBuildFile; fileRef = 6CCB1CD429B29B9B005F9535 /* RegisterPresenter.swift */; };
		6CCB1CDB29B29B9B005F9535 /* RegisterWorker.swift in Sources */ = {isa = PBXBuildFile; fileRef = 6CCB1CD529B29B9B005F9535 /* RegisterWorker.swift */; };
		6CCB1CDC29B29B9B005F9535 /* RegisterRouter.swift in Sources */ = {isa = PBXBuildFile; fileRef = 6CCB1CD629B29B9B005F9535 /* RegisterRouter.swift */; };
		6CCB1CDD29B29B9B005F9535 /* RegisterModels.swift in Sources */ = {isa = PBXBuildFile; fileRef = 6CCB1CD729B29B9B005F9535 /* RegisterModels.swift */; };
		6CCB1CDE29B29B9B005F9535 /* RegisterViewController.swift in Sources */ = {isa = PBXBuildFile; fileRef = 6CCB1CD829B29B9B005F9535 /* RegisterViewController.swift */; };
		6CCB1CDF29B29B9B005F9535 /* RegisterInteractor.swift in Sources */ = {isa = PBXBuildFile; fileRef = 6CCB1CD929B29B9B005F9535 /* RegisterInteractor.swift */; };
		6CCB1CE329B2AA7A005F9535 /* SignOutManager.swift in Sources */ = {isa = PBXBuildFile; fileRef = 6CCB1CE229B2AA7A005F9535 /* SignOutManager.swift */; };
		6CDDD6F929B4018500C8BDD1 /* MainCell.swift in Sources */ = {isa = PBXBuildFile; fileRef = 6CDDD6F829B4018500C8BDD1 /* MainCell.swift */; };
/* End PBXBuildFile section */

/* Begin PBXContainerItemProxy section */
		6C55A4EE29B0B478001E3C0D /* PBXContainerItemProxy */ = {
			isa = PBXContainerItemProxy;
			containerPortal = 6C55A4CF29B0B476001E3C0D /* Project object */;
			proxyType = 1;
			remoteGlobalIDString = 6C55A4D629B0B476001E3C0D;
			remoteInfo = Anime;
		};
		6C55A4F829B0B478001E3C0D /* PBXContainerItemProxy */ = {
			isa = PBXContainerItemProxy;
			containerPortal = 6C55A4CF29B0B476001E3C0D /* Project object */;
			proxyType = 1;
			remoteGlobalIDString = 6C55A4D629B0B476001E3C0D;
			remoteInfo = Anime;
		};
/* End PBXContainerItemProxy section */

/* Begin PBXFileReference section */
		1A1836B429B1A37D007BD648 /* HttpClient.swift */ = {isa = PBXFileReference; lastKnownFileType = sourcecode.swift; path = HttpClient.swift; sourceTree = "<group>"; };
		1A1836B729B1A472007BD648 /* Data+Extension.swift */ = {isa = PBXFileReference; lastKnownFileType = sourcecode.swift; path = "Data+Extension.swift"; sourceTree = "<group>"; };
		1A1836BA29B1A791007BD648 /* LoginPresenter.swift */ = {isa = PBXFileReference; lastKnownFileType = sourcecode.swift; path = LoginPresenter.swift; sourceTree = "<group>"; };
		1A1836BB29B1A791007BD648 /* LoginWorker.swift */ = {isa = PBXFileReference; lastKnownFileType = sourcecode.swift; path = LoginWorker.swift; sourceTree = "<group>"; };
		1A1836BC29B1A791007BD648 /* LoginRouter.swift */ = {isa = PBXFileReference; lastKnownFileType = sourcecode.swift; path = LoginRouter.swift; sourceTree = "<group>"; };
		1A1836BD29B1A791007BD648 /* LoginModels.swift */ = {isa = PBXFileReference; lastKnownFileType = sourcecode.swift; path = LoginModels.swift; sourceTree = "<group>"; };
		1A1836BE29B1A791007BD648 /* LoginViewController.swift */ = {isa = PBXFileReference; lastKnownFileType = sourcecode.swift; path = LoginViewController.swift; sourceTree = "<group>"; };
		1A1836BF29B1A791007BD648 /* LoginInteractor.swift */ = {isa = PBXFileReference; lastKnownFileType = sourcecode.swift; path = LoginInteractor.swift; sourceTree = "<group>"; };
		1A1836CA29B1CCEB007BD648 /* MainPresenter.swift */ = {isa = PBXFileReference; lastKnownFileType = sourcecode.swift; path = MainPresenter.swift; sourceTree = "<group>"; };
		1A1836CB29B1CCEB007BD648 /* MainWorker.swift */ = {isa = PBXFileReference; lastKnownFileType = sourcecode.swift; path = MainWorker.swift; sourceTree = "<group>"; };
		1A1836CC29B1CCEB007BD648 /* MainRouter.swift */ = {isa = PBXFileReference; lastKnownFileType = sourcecode.swift; path = MainRouter.swift; sourceTree = "<group>"; };
		1A1836CD29B1CCEB007BD648 /* MainModels.swift */ = {isa = PBXFileReference; lastKnownFileType = sourcecode.swift; path = MainModels.swift; sourceTree = "<group>"; };
		1A1836CE29B1CCEB007BD648 /* MainViewController.swift */ = {isa = PBXFileReference; lastKnownFileType = sourcecode.swift; path = MainViewController.swift; sourceTree = "<group>"; };
		1A1836CF29B1CCEB007BD648 /* MainInteractor.swift */ = {isa = PBXFileReference; lastKnownFileType = sourcecode.swift; path = MainInteractor.swift; sourceTree = "<group>"; };
		6C1FA6F929B0BD27009B984E /* GoogleService-Info.plist */ = {isa = PBXFileReference; fileEncoding = 4; lastKnownFileType = text.plist.xml; path = "GoogleService-Info.plist"; sourceTree = "<group>"; };
		6C2D092D29B0CDE300B79B44 /* ProgressHUDManager.swift */ = {isa = PBXFileReference; lastKnownFileType = sourcecode.swift; path = ProgressHUDManager.swift; sourceTree = "<group>"; };
		6C55A4D729B0B476001E3C0D /* Anime.app */ = {isa = PBXFileReference; explicitFileType = wrapper.application; includeInIndex = 0; path = Anime.app; sourceTree = BUILT_PRODUCTS_DIR; };
		6C55A4DA29B0B476001E3C0D /* AppDelegate.swift */ = {isa = PBXFileReference; lastKnownFileType = sourcecode.swift; path = AppDelegate.swift; sourceTree = "<group>"; };
		6C55A4DC29B0B476001E3C0D /* SceneDelegate.swift */ = {isa = PBXFileReference; lastKnownFileType = sourcecode.swift; path = SceneDelegate.swift; sourceTree = "<group>"; };
		6C55A4E129B0B476001E3C0D /* Base */ = {isa = PBXFileReference; lastKnownFileType = file.storyboard; name = Base; path = Base.lproj/Main.storyboard; sourceTree = "<group>"; };
		6C55A4E329B0B478001E3C0D /* Assets.xcassets */ = {isa = PBXFileReference; lastKnownFileType = folder.assetcatalog; path = Assets.xcassets; sourceTree = "<group>"; };
		6C55A4E629B0B478001E3C0D /* Base */ = {isa = PBXFileReference; lastKnownFileType = file.storyboard; name = Base; path = Base.lproj/LaunchScreen.storyboard; sourceTree = "<group>"; };
		6C55A4E829B0B478001E3C0D /* Info.plist */ = {isa = PBXFileReference; lastKnownFileType = text.plist.xml; path = Info.plist; sourceTree = "<group>"; };
		6C55A4ED29B0B478001E3C0D /* AnimeTests.xctest */ = {isa = PBXFileReference; explicitFileType = wrapper.cfbundle; includeInIndex = 0; path = AnimeTests.xctest; sourceTree = BUILT_PRODUCTS_DIR; };
		6C55A4F129B0B478001E3C0D /* AnimeTests.swift */ = {isa = PBXFileReference; lastKnownFileType = sourcecode.swift; path = AnimeTests.swift; sourceTree = "<group>"; };
		6C55A4F729B0B478001E3C0D /* AnimeUITests.xctest */ = {isa = PBXFileReference; explicitFileType = wrapper.cfbundle; includeInIndex = 0; path = AnimeUITests.xctest; sourceTree = BUILT_PRODUCTS_DIR; };
		6C55A4FB29B0B478001E3C0D /* AnimeUITests.swift */ = {isa = PBXFileReference; lastKnownFileType = sourcecode.swift; path = AnimeUITests.swift; sourceTree = "<group>"; };
		6C55A4FD29B0B478001E3C0D /* AnimeUITestsLaunchTests.swift */ = {isa = PBXFileReference; lastKnownFileType = sourcecode.swift; path = AnimeUITestsLaunchTests.swift; sourceTree = "<group>"; };
		6CCB1CD429B29B9B005F9535 /* RegisterPresenter.swift */ = {isa = PBXFileReference; lastKnownFileType = sourcecode.swift; path = RegisterPresenter.swift; sourceTree = "<group>"; };
		6CCB1CD529B29B9B005F9535 /* RegisterWorker.swift */ = {isa = PBXFileReference; lastKnownFileType = sourcecode.swift; path = RegisterWorker.swift; sourceTree = "<group>"; };
		6CCB1CD629B29B9B005F9535 /* RegisterRouter.swift */ = {isa = PBXFileReference; lastKnownFileType = sourcecode.swift; path = RegisterRouter.swift; sourceTree = "<group>"; };
		6CCB1CD729B29B9B005F9535 /* RegisterModels.swift */ = {isa = PBXFileReference; lastKnownFileType = sourcecode.swift; path = RegisterModels.swift; sourceTree = "<group>"; };
		6CCB1CD829B29B9B005F9535 /* RegisterViewController.swift */ = {isa = PBXFileReference; lastKnownFileType = sourcecode.swift; path = RegisterViewController.swift; sourceTree = "<group>"; };
		6CCB1CD929B29B9B005F9535 /* RegisterInteractor.swift */ = {isa = PBXFileReference; lastKnownFileType = sourcecode.swift; path = RegisterInteractor.swift; sourceTree = "<group>"; };
		6CCB1CE229B2AA7A005F9535 /* SignOutManager.swift */ = {isa = PBXFileReference; lastKnownFileType = sourcecode.swift; path = SignOutManager.swift; sourceTree = "<group>"; };
		6CDDD6F829B4018500C8BDD1 /* MainCell.swift */ = {isa = PBXFileReference; lastKnownFileType = sourcecode.swift; path = MainCell.swift; sourceTree = "<group>"; };
/* End PBXFileReference section */

/* Begin PBXFrameworksBuildPhase section */
		6C55A4D429B0B476001E3C0D /* Frameworks */ = {
			isa = PBXFrameworksBuildPhase;
			buildActionMask = 2147483647;
			files = (
				6C2D092929B0C9A000B79B44 /* Kingfisher in Frameworks */,
				1A1836C829B1B7C0007BD648 /* IQKeyboardManagerSwift in Frameworks */,
				6C2D092C29B0CA7100B79B44 /* JGProgressHUD in Frameworks */,
				6C2D092629B0C95F00B79B44 /* Alamofire in Frameworks */,
				6C2D091D29B0BED400B79B44 /* FirebaseAnalyticsSwift in Frameworks */,
				6C2D092129B0BED400B79B44 /* FirebaseAuth in Frameworks */,
				6C2D091F29B0BED400B79B44 /* FirebaseAnalyticsWithoutAdIdSupport in Frameworks */,
				6C2D092329B0BED400B79B44 /* FirebaseFirestoreSwift in Frameworks */,
			);
			runOnlyForDeploymentPostprocessing = 0;
		};
		6C55A4EA29B0B478001E3C0D /* Frameworks */ = {
			isa = PBXFrameworksBuildPhase;
			buildActionMask = 2147483647;
			files = (
			);
			runOnlyForDeploymentPostprocessing = 0;
		};
		6C55A4F429B0B478001E3C0D /* Frameworks */ = {
			isa = PBXFrameworksBuildPhase;
			buildActionMask = 2147483647;
			files = (
			);
			runOnlyForDeploymentPostprocessing = 0;
		};
/* End PBXFrameworksBuildPhase section */

/* Begin PBXGroup section */
		1A1836B129B1A2A8007BD648 /* Services */ = {
			isa = PBXGroup;
			children = (
				1A1836B429B1A37D007BD648 /* HttpClient.swift */,
			);
			path = Services;
			sourceTree = "<group>";
		};
		1A1836B229B1A2B6007BD648 /* Scenes */ = {
			isa = PBXGroup;
			children = (
				1A1836B929B1A494007BD648 /* Login */,
				6CCB1CD329B29B80005F9535 /* Register */,
				1A1836C929B1CCD7007BD648 /* Main */,
			);
			path = Scenes;
			sourceTree = "<group>";
		};
		1A1836B329B1A2CB007BD648 /* Manager */ = {
			isa = PBXGroup;
			children = (
				6C2D092D29B0CDE300B79B44 /* ProgressHUDManager.swift */,
				6CCB1CE229B2AA7A005F9535 /* SignOutManager.swift */,
			);
			path = Manager;
			sourceTree = "<group>";
		};
		1A1836B629B1A463007BD648 /* Extensions */ = {
			isa = PBXGroup;
			children = (
				1A1836B729B1A472007BD648 /* Data+Extension.swift */,
			);
			path = Extensions;
			sourceTree = "<group>";
		};
		1A1836B929B1A494007BD648 /* Login */ = {
			isa = PBXGroup;
			children = (
				1A1836BE29B1A791007BD648 /* LoginViewController.swift */,
				1A1836BF29B1A791007BD648 /* LoginInteractor.swift */,
				1A1836BA29B1A791007BD648 /* LoginPresenter.swift */,
				1A1836BB29B1A791007BD648 /* LoginWorker.swift */,
				1A1836BC29B1A791007BD648 /* LoginRouter.swift */,
				1A1836BD29B1A791007BD648 /* LoginModels.swift */,
			);
			path = Login;
			sourceTree = "<group>";
		};
		1A1836C929B1CCD7007BD648 /* Main */ = {
			isa = PBXGroup;
			children = (
				6CDDD6F729B4015E00C8BDD1 /* Cell */,
				1A1836CE29B1CCEB007BD648 /* MainViewController.swift */,
				1A1836CF29B1CCEB007BD648 /* MainInteractor.swift */,
				1A1836CA29B1CCEB007BD648 /* MainPresenter.swift */,
				1A1836CB29B1CCEB007BD648 /* MainWorker.swift */,
				1A1836CC29B1CCEB007BD648 /* MainRouter.swift */,
				1A1836CD29B1CCEB007BD648 /* MainModels.swift */,
			);
			path = Main;
			sourceTree = "<group>";
		};
		6C55A4CE29B0B476001E3C0D = {
			isa = PBXGroup;
			children = (
				6C55A4D929B0B476001E3C0D /* Anime */,
				6C55A4F029B0B478001E3C0D /* AnimeTests */,
				6C55A4FA29B0B478001E3C0D /* AnimeUITests */,
				6C55A4D829B0B476001E3C0D /* Products */,
			);
			sourceTree = "<group>";
		};
		6C55A4D829B0B476001E3C0D /* Products */ = {
			isa = PBXGroup;
			children = (
				6C55A4D729B0B476001E3C0D /* Anime.app */,
				6C55A4ED29B0B478001E3C0D /* AnimeTests.xctest */,
				6C55A4F729B0B478001E3C0D /* AnimeUITests.xctest */,
			);
			name = Products;
			sourceTree = "<group>";
		};
		6C55A4D929B0B476001E3C0D /* Anime */ = {
			isa = PBXGroup;
			children = (
				6C55A4DA29B0B476001E3C0D /* AppDelegate.swift */,
				6C55A4DC29B0B476001E3C0D /* SceneDelegate.swift */,
				6C55A4E029B0B476001E3C0D /* Main.storyboard */,
				6C55A4E329B0B478001E3C0D /* Assets.xcassets */,
				6C55A4E529B0B478001E3C0D /* LaunchScreen.storyboard */,
				6C55A4E829B0B478001E3C0D /* Info.plist */,
				6C1FA6F929B0BD27009B984E /* GoogleService-Info.plist */,
				1A1836B629B1A463007BD648 /* Extensions */,
				1A1836B329B1A2CB007BD648 /* Manager */,
				1A1836B129B1A2A8007BD648 /* Services */,
				1A1836B229B1A2B6007BD648 /* Scenes */,
			);
			path = Anime;
			sourceTree = "<group>";
		};
		6C55A4F029B0B478001E3C0D /* AnimeTests */ = {
			isa = PBXGroup;
			children = (
				6C55A4F129B0B478001E3C0D /* AnimeTests.swift */,
			);
			path = AnimeTests;
			sourceTree = "<group>";
		};
		6C55A4FA29B0B478001E3C0D /* AnimeUITests */ = {
			isa = PBXGroup;
			children = (
				6C55A4FB29B0B478001E3C0D /* AnimeUITests.swift */,
				6C55A4FD29B0B478001E3C0D /* AnimeUITestsLaunchTests.swift */,
			);
			path = AnimeUITests;
			sourceTree = "<group>";
		};
		6CCB1CD329B29B80005F9535 /* Register */ = {
			isa = PBXGroup;
			children = (
				6CCB1CD829B29B9B005F9535 /* RegisterViewController.swift */,
				6CCB1CD929B29B9B005F9535 /* RegisterInteractor.swift */,
				6CCB1CD429B29B9B005F9535 /* RegisterPresenter.swift */,
				6CCB1CD529B29B9B005F9535 /* RegisterWorker.swift */,
				6CCB1CD629B29B9B005F9535 /* RegisterRouter.swift */,
				6CCB1CD729B29B9B005F9535 /* RegisterModels.swift */,
			);
			path = Register;
			sourceTree = "<group>";
		};
		6CDDD6F729B4015E00C8BDD1 /* Cell */ = {
			isa = PBXGroup;
			children = (
				6CDDD6F829B4018500C8BDD1 /* MainCell.swift */,
			);
			path = Cell;
			sourceTree = "<group>";
		};
/* End PBXGroup section */

/* Begin PBXNativeTarget section */
		6C55A4D629B0B476001E3C0D /* Anime */ = {
			isa = PBXNativeTarget;
			buildConfigurationList = 6C55A50129B0B478001E3C0D /* Build configuration list for PBXNativeTarget "Anime" */;
			buildPhases = (
				6C55A4D329B0B476001E3C0D /* Sources */,
				6C55A4D429B0B476001E3C0D /* Frameworks */,
				6C55A4D529B0B476001E3C0D /* Resources */,
			);
			buildRules = (
			);
			dependencies = (
			);
			name = Anime;
			packageProductDependencies = (
				6C2D091C29B0BED400B79B44 /* FirebaseAnalyticsSwift */,
				6C2D091E29B0BED400B79B44 /* FirebaseAnalyticsWithoutAdIdSupport */,
				6C2D092029B0BED400B79B44 /* FirebaseAuth */,
				6C2D092229B0BED400B79B44 /* FirebaseFirestoreSwift */,
				6C2D092529B0C95F00B79B44 /* Alamofire */,
				6C2D092829B0C9A000B79B44 /* Kingfisher */,
				6C2D092B29B0CA7100B79B44 /* JGProgressHUD */,
				1A1836C729B1B7C0007BD648 /* IQKeyboardManagerSwift */,
			);
			productName = Anime;
			productReference = 6C55A4D729B0B476001E3C0D /* Anime.app */;
			productType = "com.apple.product-type.application";
		};
		6C55A4EC29B0B478001E3C0D /* AnimeTests */ = {
			isa = PBXNativeTarget;
			buildConfigurationList = 6C55A50429B0B478001E3C0D /* Build configuration list for PBXNativeTarget "AnimeTests" */;
			buildPhases = (
				6C55A4E929B0B478001E3C0D /* Sources */,
				6C55A4EA29B0B478001E3C0D /* Frameworks */,
				6C55A4EB29B0B478001E3C0D /* Resources */,
			);
			buildRules = (
			);
			dependencies = (
				6C55A4EF29B0B478001E3C0D /* PBXTargetDependency */,
			);
			name = AnimeTests;
			productName = AnimeTests;
			productReference = 6C55A4ED29B0B478001E3C0D /* AnimeTests.xctest */;
			productType = "com.apple.product-type.bundle.unit-test";
		};
		6C55A4F629B0B478001E3C0D /* AnimeUITests */ = {
			isa = PBXNativeTarget;
			buildConfigurationList = 6C55A50729B0B478001E3C0D /* Build configuration list for PBXNativeTarget "AnimeUITests" */;
			buildPhases = (
				6C55A4F329B0B478001E3C0D /* Sources */,
				6C55A4F429B0B478001E3C0D /* Frameworks */,
				6C55A4F529B0B478001E3C0D /* Resources */,
			);
			buildRules = (
			);
			dependencies = (
				6C55A4F929B0B478001E3C0D /* PBXTargetDependency */,
			);
			name = AnimeUITests;
			productName = AnimeUITests;
			productReference = 6C55A4F729B0B478001E3C0D /* AnimeUITests.xctest */;
			productType = "com.apple.product-type.bundle.ui-testing";
		};
/* End PBXNativeTarget section */

/* Begin PBXProject section */
		6C55A4CF29B0B476001E3C0D /* Project object */ = {
			isa = PBXProject;
			attributes = {
				BuildIndependentTargetsInParallel = 1;
				LastSwiftUpdateCheck = 1420;
				LastUpgradeCheck = 1420;
				TargetAttributes = {
					6C55A4D629B0B476001E3C0D = {
						CreatedOnToolsVersion = 14.2;
					};
					6C55A4EC29B0B478001E3C0D = {
						CreatedOnToolsVersion = 14.2;
						TestTargetID = 6C55A4D629B0B476001E3C0D;
					};
					6C55A4F629B0B478001E3C0D = {
						CreatedOnToolsVersion = 14.2;
						TestTargetID = 6C55A4D629B0B476001E3C0D;
					};
				};
			};
			buildConfigurationList = 6C55A4D229B0B476001E3C0D /* Build configuration list for PBXProject "Anime" */;
			compatibilityVersion = "Xcode 14.0";
			developmentRegion = en;
			hasScannedForEncodings = 0;
			knownRegions = (
				en,
				Base,
			);
			mainGroup = 6C55A4CE29B0B476001E3C0D;
			packageReferences = (
				6C2D091B29B0BED400B79B44 /* XCRemoteSwiftPackageReference "firebase-ios-sdk" */,
				6C2D092429B0C95E00B79B44 /* XCRemoteSwiftPackageReference "Alamofire" */,
				6C2D092729B0C9A000B79B44 /* XCRemoteSwiftPackageReference "Kingfisher" */,
				6C2D092A29B0CA7100B79B44 /* XCRemoteSwiftPackageReference "JGProgressHUD" */,
				1A1836C629B1B7C0007BD648 /* XCRemoteSwiftPackageReference "IQKeyboardManager" */,
			);
			productRefGroup = 6C55A4D829B0B476001E3C0D /* Products */;
			projectDirPath = "";
			projectRoot = "";
			targets = (
				6C55A4D629B0B476001E3C0D /* Anime */,
				6C55A4EC29B0B478001E3C0D /* AnimeTests */,
				6C55A4F629B0B478001E3C0D /* AnimeUITests */,
			);
		};
/* End PBXProject section */

/* Begin PBXResourcesBuildPhase section */
		6C55A4D529B0B476001E3C0D /* Resources */ = {
			isa = PBXResourcesBuildPhase;
			buildActionMask = 2147483647;
			files = (
				6C55A4E729B0B478001E3C0D /* LaunchScreen.storyboard in Resources */,
				6C1FA6FA29B0BD27009B984E /* GoogleService-Info.plist in Resources */,
				6C55A4E429B0B478001E3C0D /* Assets.xcassets in Resources */,
				6C55A4E229B0B476001E3C0D /* Main.storyboard in Resources */,
			);
			runOnlyForDeploymentPostprocessing = 0;
		};
		6C55A4EB29B0B478001E3C0D /* Resources */ = {
			isa = PBXResourcesBuildPhase;
			buildActionMask = 2147483647;
			files = (
			);
			runOnlyForDeploymentPostprocessing = 0;
		};
		6C55A4F529B0B478001E3C0D /* Resources */ = {
			isa = PBXResourcesBuildPhase;
			buildActionMask = 2147483647;
			files = (
			);
			runOnlyForDeploymentPostprocessing = 0;
		};
/* End PBXResourcesBuildPhase section */

/* Begin PBXSourcesBuildPhase section */
		6C55A4D329B0B476001E3C0D /* Sources */ = {
			isa = PBXSourcesBuildPhase;
			buildActionMask = 2147483647;
			files = (
				1A1836B529B1A37D007BD648 /* HttpClient.swift in Sources */,
				6CCB1CDE29B29B9B005F9535 /* RegisterViewController.swift in Sources */,
				6CCB1CDC29B29B9B005F9535 /* RegisterRouter.swift in Sources */,
				1A1836D229B1CCEB007BD648 /* MainRouter.swift in Sources */,
				6CCB1CDD29B29B9B005F9535 /* RegisterModels.swift in Sources */,
				6CCB1CDB29B29B9B005F9535 /* RegisterWorker.swift in Sources */,
				1A1836D329B1CCEB007BD648 /* MainModels.swift in Sources */,
				1A1836C329B1A791007BD648 /* LoginModels.swift in Sources */,
				6C2D092E29B0CDE300B79B44 /* ProgressHUDManager.swift in Sources */,
				1A1836C029B1A791007BD648 /* LoginPresenter.swift in Sources */,
				6C55A4DB29B0B476001E3C0D /* AppDelegate.swift in Sources */,
				6CCB1CE329B2AA7A005F9535 /* SignOutManager.swift in Sources */,
				1A1836D429B1CCEB007BD648 /* MainViewController.swift in Sources */,
				1A1836D129B1CCEB007BD648 /* MainWorker.swift in Sources */,
				1A1836C229B1A791007BD648 /* LoginRouter.swift in Sources */,
				6C55A4DD29B0B476001E3C0D /* SceneDelegate.swift in Sources */,
				1A1836D029B1CCEB007BD648 /* MainPresenter.swift in Sources */,
				1A1836C529B1A791007BD648 /* LoginInteractor.swift in Sources */,
				6CCB1CDA29B29B9B005F9535 /* RegisterPresenter.swift in Sources */,
				1A1836B829B1A472007BD648 /* Data+Extension.swift in Sources */,
				1A1836C129B1A791007BD648 /* LoginWorker.swift in Sources */,
				1A1836D529B1CCEB007BD648 /* MainInteractor.swift in Sources */,
				6CCB1CDF29B29B9B005F9535 /* RegisterInteractor.swift in Sources */,
				1A1836C429B1A791007BD648 /* LoginViewController.swift in Sources */,
				6CDDD6F929B4018500C8BDD1 /* MainCell.swift in Sources */,
			);
			runOnlyForDeploymentPostprocessing = 0;
		};
		6C55A4E929B0B478001E3C0D /* Sources */ = {
			isa = PBXSourcesBuildPhase;
			buildActionMask = 2147483647;
			files = (
				6C55A4F229B0B478001E3C0D /* AnimeTests.swift in Sources */,
			);
			runOnlyForDeploymentPostprocessing = 0;
		};
		6C55A4F329B0B478001E3C0D /* Sources */ = {
			isa = PBXSourcesBuildPhase;
			buildActionMask = 2147483647;
			files = (
				6C55A4FC29B0B478001E3C0D /* AnimeUITests.swift in Sources */,
				6C55A4FE29B0B478001E3C0D /* AnimeUITestsLaunchTests.swift in Sources */,
			);
			runOnlyForDeploymentPostprocessing = 0;
		};
/* End PBXSourcesBuildPhase section */

/* Begin PBXTargetDependency section */
		6C55A4EF29B0B478001E3C0D /* PBXTargetDependency */ = {
			isa = PBXTargetDependency;
			target = 6C55A4D629B0B476001E3C0D /* Anime */;
			targetProxy = 6C55A4EE29B0B478001E3C0D /* PBXContainerItemProxy */;
		};
		6C55A4F929B0B478001E3C0D /* PBXTargetDependency */ = {
			isa = PBXTargetDependency;
			target = 6C55A4D629B0B476001E3C0D /* Anime */;
			targetProxy = 6C55A4F829B0B478001E3C0D /* PBXContainerItemProxy */;
		};
/* End PBXTargetDependency section */

/* Begin PBXVariantGroup section */
		6C55A4E029B0B476001E3C0D /* Main.storyboard */ = {
			isa = PBXVariantGroup;
			children = (
				6C55A4E129B0B476001E3C0D /* Base */,
			);
			name = Main.storyboard;
			sourceTree = "<group>";
		};
		6C55A4E529B0B478001E3C0D /* LaunchScreen.storyboard */ = {
			isa = PBXVariantGroup;
			children = (
				6C55A4E629B0B478001E3C0D /* Base */,
			);
			name = LaunchScreen.storyboard;
			sourceTree = "<group>";
		};
/* End PBXVariantGroup section */

/* Begin XCBuildConfiguration section */
		6C55A4FF29B0B478001E3C0D /* Debug */ = {
			isa = XCBuildConfiguration;
			buildSettings = {
				ALWAYS_SEARCH_USER_PATHS = NO;
				CLANG_ANALYZER_NONNULL = YES;
				CLANG_ANALYZER_NUMBER_OBJECT_CONVERSION = YES_AGGRESSIVE;
				CLANG_CXX_LANGUAGE_STANDARD = "gnu++20";
				CLANG_ENABLE_MODULES = YES;
				CLANG_ENABLE_OBJC_ARC = YES;
				CLANG_ENABLE_OBJC_WEAK = YES;
				CLANG_WARN_BLOCK_CAPTURE_AUTORELEASING = YES;
				CLANG_WARN_BOOL_CONVERSION = YES;
				CLANG_WARN_COMMA = YES;
				CLANG_WARN_CONSTANT_CONVERSION = YES;
				CLANG_WARN_DEPRECATED_OBJC_IMPLEMENTATIONS = YES;
				CLANG_WARN_DIRECT_OBJC_ISA_USAGE = YES_ERROR;
				CLANG_WARN_DOCUMENTATION_COMMENTS = YES;
				CLANG_WARN_EMPTY_BODY = YES;
				CLANG_WARN_ENUM_CONVERSION = YES;
				CLANG_WARN_INFINITE_RECURSION = YES;
				CLANG_WARN_INT_CONVERSION = YES;
				CLANG_WARN_NON_LITERAL_NULL_CONVERSION = YES;
				CLANG_WARN_OBJC_IMPLICIT_RETAIN_SELF = YES;
				CLANG_WARN_OBJC_LITERAL_CONVERSION = YES;
				CLANG_WARN_OBJC_ROOT_CLASS = YES_ERROR;
				CLANG_WARN_QUOTED_INCLUDE_IN_FRAMEWORK_HEADER = YES;
				CLANG_WARN_RANGE_LOOP_ANALYSIS = YES;
				CLANG_WARN_STRICT_PROTOTYPES = YES;
				CLANG_WARN_SUSPICIOUS_MOVE = YES;
				CLANG_WARN_UNGUARDED_AVAILABILITY = YES_AGGRESSIVE;
				CLANG_WARN_UNREACHABLE_CODE = YES;
				CLANG_WARN__DUPLICATE_METHOD_MATCH = YES;
				COPY_PHASE_STRIP = NO;
				DEBUG_INFORMATION_FORMAT = dwarf;
				ENABLE_STRICT_OBJC_MSGSEND = YES;
				ENABLE_TESTABILITY = YES;
				GCC_C_LANGUAGE_STANDARD = gnu11;
				GCC_DYNAMIC_NO_PIC = NO;
				GCC_NO_COMMON_BLOCKS = YES;
				GCC_OPTIMIZATION_LEVEL = 0;
				GCC_PREPROCESSOR_DEFINITIONS = (
					"DEBUG=1",
					"$(inherited)",
				);
				GCC_WARN_64_TO_32_BIT_CONVERSION = YES;
				GCC_WARN_ABOUT_RETURN_TYPE = YES_ERROR;
				GCC_WARN_UNDECLARED_SELECTOR = YES;
				GCC_WARN_UNINITIALIZED_AUTOS = YES_AGGRESSIVE;
				GCC_WARN_UNUSED_FUNCTION = YES;
				GCC_WARN_UNUSED_VARIABLE = YES;
				IPHONEOS_DEPLOYMENT_TARGET = 16.2;
				MTL_ENABLE_DEBUG_INFO = INCLUDE_SOURCE;
				MTL_FAST_MATH = YES;
				ONLY_ACTIVE_ARCH = YES;
				SDKROOT = iphoneos;
				SWIFT_ACTIVE_COMPILATION_CONDITIONS = DEBUG;
				SWIFT_OPTIMIZATION_LEVEL = "-Onone";
			};
			name = Debug;
		};
		6C55A50029B0B478001E3C0D /* Release */ = {
			isa = XCBuildConfiguration;
			buildSettings = {
				ALWAYS_SEARCH_USER_PATHS = NO;
				CLANG_ANALYZER_NONNULL = YES;
				CLANG_ANALYZER_NUMBER_OBJECT_CONVERSION = YES_AGGRESSIVE;
				CLANG_CXX_LANGUAGE_STANDARD = "gnu++20";
				CLANG_ENABLE_MODULES = YES;
				CLANG_ENABLE_OBJC_ARC = YES;
				CLANG_ENABLE_OBJC_WEAK = YES;
				CLANG_WARN_BLOCK_CAPTURE_AUTORELEASING = YES;
				CLANG_WARN_BOOL_CONVERSION = YES;
				CLANG_WARN_COMMA = YES;
				CLANG_WARN_CONSTANT_CONVERSION = YES;
				CLANG_WARN_DEPRECATED_OBJC_IMPLEMENTATIONS = YES;
				CLANG_WARN_DIRECT_OBJC_ISA_USAGE = YES_ERROR;
				CLANG_WARN_DOCUMENTATION_COMMENTS = YES;
				CLANG_WARN_EMPTY_BODY = YES;
				CLANG_WARN_ENUM_CONVERSION = YES;
				CLANG_WARN_INFINITE_RECURSION = YES;
				CLANG_WARN_INT_CONVERSION = YES;
				CLANG_WARN_NON_LITERAL_NULL_CONVERSION = YES;
				CLANG_WARN_OBJC_IMPLICIT_RETAIN_SELF = YES;
				CLANG_WARN_OBJC_LITERAL_CONVERSION = YES;
				CLANG_WARN_OBJC_ROOT_CLASS = YES_ERROR;
				CLANG_WARN_QUOTED_INCLUDE_IN_FRAMEWORK_HEADER = YES;
				CLANG_WARN_RANGE_LOOP_ANALYSIS = YES;
				CLANG_WARN_STRICT_PROTOTYPES = YES;
				CLANG_WARN_SUSPICIOUS_MOVE = YES;
				CLANG_WARN_UNGUARDED_AVAILABILITY = YES_AGGRESSIVE;
				CLANG_WARN_UNREACHABLE_CODE = YES;
				CLANG_WARN__DUPLICATE_METHOD_MATCH = YES;
				COPY_PHASE_STRIP = NO;
				DEBUG_INFORMATION_FORMAT = "dwarf-with-dsym";
				ENABLE_NS_ASSERTIONS = NO;
				ENABLE_STRICT_OBJC_MSGSEND = YES;
				GCC_C_LANGUAGE_STANDARD = gnu11;
				GCC_NO_COMMON_BLOCKS = YES;
				GCC_WARN_64_TO_32_BIT_CONVERSION = YES;
				GCC_WARN_ABOUT_RETURN_TYPE = YES_ERROR;
				GCC_WARN_UNDECLARED_SELECTOR = YES;
				GCC_WARN_UNINITIALIZED_AUTOS = YES_AGGRESSIVE;
				GCC_WARN_UNUSED_FUNCTION = YES;
				GCC_WARN_UNUSED_VARIABLE = YES;
				IPHONEOS_DEPLOYMENT_TARGET = 16.2;
				MTL_ENABLE_DEBUG_INFO = NO;
				MTL_FAST_MATH = YES;
				SDKROOT = iphoneos;
				SWIFT_COMPILATION_MODE = wholemodule;
				SWIFT_OPTIMIZATION_LEVEL = "-O";
				VALIDATE_PRODUCT = YES;
			};
			name = Release;
		};
		6C55A50229B0B478001E3C0D /* Debug */ = {
			isa = XCBuildConfiguration;
			buildSettings = {
				ASSETCATALOG_COMPILER_APPICON_NAME = AppIcon;
				ASSETCATALOG_COMPILER_GLOBAL_ACCENT_COLOR_NAME = AccentColor;
				CODE_SIGN_STYLE = Automatic;
				CURRENT_PROJECT_VERSION = 1;
				GENERATE_INFOPLIST_FILE = YES;
				INFOPLIST_FILE = Anime/Info.plist;
				INFOPLIST_KEY_CFBundleDisplayName = Anime;
				INFOPLIST_KEY_LSApplicationCategoryType = "public.app-category.books";
				INFOPLIST_KEY_UIApplicationSupportsIndirectInputEvents = YES;
				INFOPLIST_KEY_UILaunchStoryboardName = LaunchScreen;
				INFOPLIST_KEY_UIMainStoryboardFile = Main;
				INFOPLIST_KEY_UISupportedInterfaceOrientations = UIInterfaceOrientationPortrait;
				INFOPLIST_KEY_UISupportedInterfaceOrientations_iPad = "UIInterfaceOrientationLandscapeLeft UIInterfaceOrientationLandscapeRight UIInterfaceOrientationPortrait UIInterfaceOrientationPortraitUpsideDown";
				LD_RUNPATH_SEARCH_PATHS = (
					"$(inherited)",
					"@executable_path/Frameworks",
				);
				MARKETING_VERSION = 1.0.0;
				PRODUCT_BUNDLE_IDENTIFIER = com.livingmobile.Anime;
				PRODUCT_NAME = "$(TARGET_NAME)";
				SUPPORTED_PLATFORMS = "iphoneos iphonesimulator";
				SUPPORTS_MACCATALYST = NO;
				SUPPORTS_MAC_DESIGNED_FOR_IPHONE_IPAD = NO;
				SWIFT_EMIT_LOC_STRINGS = YES;
				SWIFT_VERSION = 5.0;
				TARGETED_DEVICE_FAMILY = 1;
			};
			name = Debug;
		};
		6C55A50329B0B478001E3C0D /* Release */ = {
			isa = XCBuildConfiguration;
			buildSettings = {
				ASSETCATALOG_COMPILER_APPICON_NAME = AppIcon;
				ASSETCATALOG_COMPILER_GLOBAL_ACCENT_COLOR_NAME = AccentColor;
				CODE_SIGN_STYLE = Automatic;
				CURRENT_PROJECT_VERSION = 1;
				GENERATE_INFOPLIST_FILE = YES;
				INFOPLIST_FILE = Anime/Info.plist;
				INFOPLIST_KEY_CFBundleDisplayName = Anime;
				INFOPLIST_KEY_LSApplicationCategoryType = "public.app-category.books";
				INFOPLIST_KEY_UIApplicationSupportsIndirectInputEvents = YES;
				INFOPLIST_KEY_UILaunchStoryboardName = LaunchScreen;
				INFOPLIST_KEY_UIMainStoryboardFile = Main;
				INFOPLIST_KEY_UISupportedInterfaceOrientations = UIInterfaceOrientationPortrait;
				INFOPLIST_KEY_UISupportedInterfaceOrientations_iPad = "UIInterfaceOrientationLandscapeLeft UIInterfaceOrientationLandscapeRight UIInterfaceOrientationPortrait UIInterfaceOrientationPortraitUpsideDown";
				LD_RUNPATH_SEARCH_PATHS = (
					"$(inherited)",
					"@executable_path/Frameworks",
				);
				MARKETING_VERSION = 1.0.0;
				PRODUCT_BUNDLE_IDENTIFIER = com.livingmobile.Anime;
				PRODUCT_NAME = "$(TARGET_NAME)";
				SUPPORTED_PLATFORMS = "iphoneos iphonesimulator";
				SUPPORTS_MACCATALYST = NO;
				SUPPORTS_MAC_DESIGNED_FOR_IPHONE_IPAD = NO;
				SWIFT_EMIT_LOC_STRINGS = YES;
				SWIFT_VERSION = 5.0;
				TARGETED_DEVICE_FAMILY = 1;
			};
			name = Release;
		};
		6C55A50529B0B478001E3C0D /* Debug */ = {
			isa = XCBuildConfiguration;
			buildSettings = {
				ALWAYS_EMBED_SWIFT_STANDARD_LIBRARIES = YES;
				BUNDLE_LOADER = "$(TEST_HOST)";
				CODE_SIGN_STYLE = Automatic;
				CURRENT_PROJECT_VERSION = 1;
				GENERATE_INFOPLIST_FILE = YES;
				IPHONEOS_DEPLOYMENT_TARGET = 16.2;
				MARKETING_VERSION = 1.0;
				PRODUCT_BUNDLE_IDENTIFIER = com.livingmobile.AnimeTests;
				PRODUCT_NAME = "$(TARGET_NAME)";
				SWIFT_EMIT_LOC_STRINGS = NO;
				SWIFT_VERSION = 5.0;
				TARGETED_DEVICE_FAMILY = "1,2";
				TEST_HOST = "$(BUILT_PRODUCTS_DIR)/Anime.app/$(BUNDLE_EXECUTABLE_FOLDER_PATH)/Anime";
			};
			name = Debug;
		};
		6C55A50629B0B478001E3C0D /* Release */ = {
			isa = XCBuildConfiguration;
			buildSettings = {
				ALWAYS_EMBED_SWIFT_STANDARD_LIBRARIES = YES;
				BUNDLE_LOADER = "$(TEST_HOST)";
				CODE_SIGN_STYLE = Automatic;
				CURRENT_PROJECT_VERSION = 1;
				GENERATE_INFOPLIST_FILE = YES;
				IPHONEOS_DEPLOYMENT_TARGET = 16.2;
				MARKETING_VERSION = 1.0;
				PRODUCT_BUNDLE_IDENTIFIER = com.livingmobile.AnimeTests;
				PRODUCT_NAME = "$(TARGET_NAME)";
				SWIFT_EMIT_LOC_STRINGS = NO;
				SWIFT_VERSION = 5.0;
				TARGETED_DEVICE_FAMILY = "1,2";
				TEST_HOST = "$(BUILT_PRODUCTS_DIR)/Anime.app/$(BUNDLE_EXECUTABLE_FOLDER_PATH)/Anime";
			};
			name = Release;
		};
		6C55A50829B0B478001E3C0D /* Debug */ = {
			isa = XCBuildConfiguration;
			buildSettings = {
				ALWAYS_EMBED_SWIFT_STANDARD_LIBRARIES = YES;
				CODE_SIGN_STYLE = Automatic;
				CURRENT_PROJECT_VERSION = 1;
				GENERATE_INFOPLIST_FILE = YES;
				MARKETING_VERSION = 1.0;
				PRODUCT_BUNDLE_IDENTIFIER = com.livingmobile.AnimeUITests;
				PRODUCT_NAME = "$(TARGET_NAME)";
				SWIFT_EMIT_LOC_STRINGS = NO;
				SWIFT_VERSION = 5.0;
				TARGETED_DEVICE_FAMILY = "1,2";
				TEST_TARGET_NAME = Anime;
			};
			name = Debug;
		};
		6C55A50929B0B478001E3C0D /* Release */ = {
			isa = XCBuildConfiguration;
			buildSettings = {
				ALWAYS_EMBED_SWIFT_STANDARD_LIBRARIES = YES;
				CODE_SIGN_STYLE = Automatic;
				CURRENT_PROJECT_VERSION = 1;
				GENERATE_INFOPLIST_FILE = YES;
				MARKETING_VERSION = 1.0;
				PRODUCT_BUNDLE_IDENTIFIER = com.livingmobile.AnimeUITests;
				PRODUCT_NAME = "$(TARGET_NAME)";
				SWIFT_EMIT_LOC_STRINGS = NO;
				SWIFT_VERSION = 5.0;
				TARGETED_DEVICE_FAMILY = "1,2";
				TEST_TARGET_NAME = Anime;
			};
			name = Release;
		};
/* End XCBuildConfiguration section */

/* Begin XCConfigurationList section */
		6C55A4D229B0B476001E3C0D /* Build configuration list for PBXProject "Anime" */ = {
			isa = XCConfigurationList;
			buildConfigurations = (
				6C55A4FF29B0B478001E3C0D /* Debug */,
				6C55A50029B0B478001E3C0D /* Release */,
			);
			defaultConfigurationIsVisible = 0;
			defaultConfigurationName = Release;
		};
		6C55A50129B0B478001E3C0D /* Build configuration list for PBXNativeTarget "Anime" */ = {
			isa = XCConfigurationList;
			buildConfigurations = (
				6C55A50229B0B478001E3C0D /* Debug */,
				6C55A50329B0B478001E3C0D /* Release */,
			);
			defaultConfigurationIsVisible = 0;
			defaultConfigurationName = Release;
		};
		6C55A50429B0B478001E3C0D /* Build configuration list for PBXNativeTarget "AnimeTests" */ = {
			isa = XCConfigurationList;
			buildConfigurations = (
				6C55A50529B0B478001E3C0D /* Debug */,
				6C55A50629B0B478001E3C0D /* Release */,
			);
			defaultConfigurationIsVisible = 0;
			defaultConfigurationName = Release;
		};
		6C55A50729B0B478001E3C0D /* Build configuration list for PBXNativeTarget "AnimeUITests" */ = {
			isa = XCConfigurationList;
			buildConfigurations = (
				6C55A50829B0B478001E3C0D /* Debug */,
				6C55A50929B0B478001E3C0D /* Release */,
			);
			defaultConfigurationIsVisible = 0;
			defaultConfigurationName = Release;
		};
/* End XCConfigurationList section */

/* Begin XCRemoteSwiftPackageReference section */
		1A1836C629B1B7C0007BD648 /* XCRemoteSwiftPackageReference "IQKeyboardManager" */ = {
			isa = XCRemoteSwiftPackageReference;
			repositoryURL = "https://github.com/hackiftekhar/IQKeyboardManager.git";
			requirement = {
				kind = versionRange;
				maximumVersion = 7.0.0;
				minimumVersion = 6.5.0;
			};
		};
		6C2D091B29B0BED400B79B44 /* XCRemoteSwiftPackageReference "firebase-ios-sdk" */ = {
			isa = XCRemoteSwiftPackageReference;
			repositoryURL = "https://github.com/firebase/firebase-ios-sdk";
			requirement = {
				kind = upToNextMajorVersion;
				minimumVersion = 9.0.0;
			};
		};
		6C2D092429B0C95E00B79B44 /* XCRemoteSwiftPackageReference "Alamofire" */ = {
			isa = XCRemoteSwiftPackageReference;
			repositoryURL = "https://github.com/Alamofire/Alamofire.git";
			requirement = {
				kind = upToNextMajorVersion;
				minimumVersion = 5.0.0;
			};
		};
		6C2D092729B0C9A000B79B44 /* XCRemoteSwiftPackageReference "Kingfisher" */ = {
			isa = XCRemoteSwiftPackageReference;
			repositoryURL = "https://github.com/onevcat/Kingfisher.git";
			requirement = {
				kind = upToNextMajorVersion;
				minimumVersion = 7.0.0;
			};
		};
		6C2D092A29B0CA7100B79B44 /* XCRemoteSwiftPackageReference "JGProgressHUD" */ = {
			isa = XCRemoteSwiftPackageReference;
			repositoryURL = "https://github.com/JonasGessner/JGProgressHUD.git";
			requirement = {
				kind = upToNextMajorVersion;
				minimumVersion = 2.0.0;
			};
		};
/* End XCRemoteSwiftPackageReference section */

/* Begin XCSwiftPackageProductDependency section */
		1A1836C729B1B7C0007BD648 /* IQKeyboardManagerSwift */ = {
			isa = XCSwiftPackageProductDependency;
			package = 1A1836C629B1B7C0007BD648 /* XCRemoteSwiftPackageReference "IQKeyboardManager" */;
			productName = IQKeyboardManagerSwift;
		};
		6C2D091C29B0BED400B79B44 /* FirebaseAnalyticsSwift */ = {
			isa = XCSwiftPackageProductDependency;
			package = 6C2D091B29B0BED400B79B44 /* XCRemoteSwiftPackageReference "firebase-ios-sdk" */;
			productName = FirebaseAnalyticsSwift;
		};
		6C2D091E29B0BED400B79B44 /* FirebaseAnalyticsWithoutAdIdSupport */ = {
			isa = XCSwiftPackageProductDependency;
			package = 6C2D091B29B0BED400B79B44 /* XCRemoteSwiftPackageReference "firebase-ios-sdk" */;
			productName = FirebaseAnalyticsWithoutAdIdSupport;
		};
		6C2D092029B0BED400B79B44 /* FirebaseAuth */ = {
			isa = XCSwiftPackageProductDependency;
			package = 6C2D091B29B0BED400B79B44 /* XCRemoteSwiftPackageReference "firebase-ios-sdk" */;
			productName = FirebaseAuth;
		};
		6C2D092229B0BED400B79B44 /* FirebaseFirestoreSwift */ = {
			isa = XCSwiftPackageProductDependency;
			package = 6C2D091B29B0BED400B79B44 /* XCRemoteSwiftPackageReference "firebase-ios-sdk" */;
			productName = FirebaseFirestoreSwift;
		};
		6C2D092529B0C95F00B79B44 /* Alamofire */ = {
			isa = XCSwiftPackageProductDependency;
			package = 6C2D092429B0C95E00B79B44 /* XCRemoteSwiftPackageReference "Alamofire" */;
			productName = Alamofire;
		};
		6C2D092829B0C9A000B79B44 /* Kingfisher */ = {
			isa = XCSwiftPackageProductDependency;
			package = 6C2D092729B0C9A000B79B44 /* XCRemoteSwiftPackageReference "Kingfisher" */;
			productName = Kingfisher;
		};
		6C2D092B29B0CA7100B79B44 /* JGProgressHUD */ = {
			isa = XCSwiftPackageProductDependency;
			package = 6C2D092A29B0CA7100B79B44 /* XCRemoteSwiftPackageReference "JGProgressHUD" */;
			productName = JGProgressHUD;
		};
/* End XCSwiftPackageProductDependency section */
	};
	rootObject = 6C55A4CF29B0B476001E3C0D /* Project object */;
}
